// !$*UTF8*$!
{
	archiveVersion = 1;
	classes = {
	};
	objectVersion = 56;
	objects = {

/* Begin PBXBuildFile section */
		340A3BF42BA75DC500638E9C /* EmojiAppApp.swift in Sources */ = {isa = PBXBuildFile; fileRef = 340A3BF32BA75DC500638E9C /* EmojiAppApp.swift */; };
		340A3BF82BA75DC900638E9C /* Assets.xcassets in Resources */ = {isa = PBXBuildFile; fileRef = 340A3BF72BA75DC900638E9C /* Assets.xcassets */; };
		340A3BFB2BA75DC900638E9C /* Preview Assets.xcassets in Resources */ = {isa = PBXBuildFile; fileRef = 340A3BFA2BA75DC900638E9C /* Preview Assets.xcassets */; };
		340A3C042BA75F0C00638E9C /* EmojiArt.swift in Sources */ = {isa = PBXBuildFile; fileRef = 340A3C032BA75F0C00638E9C /* EmojiArt.swift */; };
		340A3C072BA75FB900638E9C /* EmojiArtDocument.swift in Sources */ = {isa = PBXBuildFile; fileRef = 340A3C062BA75FB900638E9C /* EmojiArtDocument.swift */; };
		340A3C092BA7617C00638E9C /* EmojiArtDocumentView.swift in Sources */ = {isa = PBXBuildFile; fileRef = 340A3C082BA7617C00638E9C /* EmojiArtDocumentView.swift */; };
		340A3C0B2BA7637600638E9C /* Extensions.swift in Sources */ = {isa = PBXBuildFile; fileRef = 340A3C0A2BA7637600638E9C /* Extensions.swift */; };
		3414605E2BB034DF006C0CA1 /* PaletteEditor.swift in Sources */ = {isa = PBXBuildFile; fileRef = 3414605D2BB034DF006C0CA1 /* PaletteEditor.swift */; };
		341460602BB05221006C0CA1 /* PaletteList.swift in Sources */ = {isa = PBXBuildFile; fileRef = 3414605F2BB05221006C0CA1 /* PaletteList.swift */; };
		341460622BB054E2006C0CA1 /* PaletteView.swift in Sources */ = {isa = PBXBuildFile; fileRef = 341460612BB054E2006C0CA1 /* PaletteView.swift */; };
		341460642BB08412006C0CA1 /* PaletteManager.swift in Sources */ = {isa = PBXBuildFile; fileRef = 341460632BB08412006C0CA1 /* PaletteManager.swift */; };
		346C6FA32BA8B947006DD461 /* Sturldata.swift in Sources */ = {isa = PBXBuildFile; fileRef = 346C6FA22BA8B947006DD461 /* Sturldata.swift */; };
		34E20F3C2BAEEF3B00365D84 /* Palette.swift in Sources */ = {isa = PBXBuildFile; fileRef = 34E20F3B2BAEEF3A00365D84 /* Palette.swift */; };
		34E20F3E2BAEF03C00365D84 /* PaletteStore.swift in Sources */ = {isa = PBXBuildFile; fileRef = 34E20F3D2BAEF03C00365D84 /* PaletteStore.swift */; };
		34E20F402BAEF2F500365D84 /* PaletteChooser.swift in Sources */ = {isa = PBXBuildFile; fileRef = 34E20F3F2BAEF2F500365D84 /* PaletteChooser.swift */; };
		34E20F422BAEF56A00365D84 /* ScrollingEmojis.swift in Sources */ = {isa = PBXBuildFile; fileRef = 34E20F412BAEF56A00365D84 /* ScrollingEmojis.swift */; };
/* End PBXBuildFile section */

/* Begin PBXFileReference section */
		340A3BF02BA75DC500638E9C /* EmojiApp.app */ = {isa = PBXFileReference; explicitFileType = wrapper.application; includeInIndex = 0; path = EmojiApp.app; sourceTree = BUILT_PRODUCTS_DIR; };
		340A3BF32BA75DC500638E9C /* EmojiAppApp.swift */ = {isa = PBXFileReference; lastKnownFileType = sourcecode.swift; path = EmojiAppApp.swift; sourceTree = "<group>"; };
		340A3BF72BA75DC900638E9C /* Assets.xcassets */ = {isa = PBXFileReference; lastKnownFileType = folder.assetcatalog; path = Assets.xcassets; sourceTree = "<group>"; };
		340A3BFA2BA75DC900638E9C /* Preview Assets.xcassets */ = {isa = PBXFileReference; lastKnownFileType = folder.assetcatalog; path = "Preview Assets.xcassets"; sourceTree = "<group>"; };
		340A3C032BA75F0C00638E9C /* EmojiArt.swift */ = {isa = PBXFileReference; lastKnownFileType = sourcecode.swift; path = EmojiArt.swift; sourceTree = "<group>"; };
		340A3C062BA75FB900638E9C /* EmojiArtDocument.swift */ = {isa = PBXFileReference; lastKnownFileType = sourcecode.swift; path = EmojiArtDocument.swift; sourceTree = "<group>"; };
		340A3C082BA7617C00638E9C /* EmojiArtDocumentView.swift */ = {isa = PBXFileReference; lastKnownFileType = sourcecode.swift; path = EmojiArtDocumentView.swift; sourceTree = "<group>"; };
		340A3C0A2BA7637600638E9C /* Extensions.swift */ = {isa = PBXFileReference; fileEncoding = 4; lastKnownFileType = sourcecode.swift; path = Extensions.swift; sourceTree = "<group>"; };
		3414605D2BB034DF006C0CA1 /* PaletteEditor.swift */ = {isa = PBXFileReference; lastKnownFileType = sourcecode.swift; path = PaletteEditor.swift; sourceTree = "<group>"; };
		3414605F2BB05221006C0CA1 /* PaletteList.swift */ = {isa = PBXFileReference; lastKnownFileType = sourcecode.swift; path = PaletteList.swift; sourceTree = "<group>"; };
		341460612BB054E2006C0CA1 /* PaletteView.swift */ = {isa = PBXFileReference; lastKnownFileType = sourcecode.swift; path = PaletteView.swift; sourceTree = "<group>"; };
		341460632BB08412006C0CA1 /* PaletteManager.swift */ = {isa = PBXFileReference; lastKnownFileType = sourcecode.swift; path = PaletteManager.swift; sourceTree = "<group>"; };
		346C6FA22BA8B947006DD461 /* Sturldata.swift */ = {isa = PBXFileReference; fileEncoding = 4; lastKnownFileType = sourcecode.swift; path = Sturldata.swift; sourceTree = "<group>"; };
		34A990DB2BB5D75E007BE0C5 /* Info.plist */ = {isa = PBXFileReference; lastKnownFileType = text.plist; path = Info.plist; sourceTree = "<group>"; };
		34E20F3B2BAEEF3A00365D84 /* Palette.swift */ = {isa = PBXFileReference; lastKnownFileType = sourcecode.swift; path = Palette.swift; sourceTree = "<group>"; };
		34E20F3D2BAEF03C00365D84 /* PaletteStore.swift */ = {isa = PBXFileReference; lastKnownFileType = sourcecode.swift; path = PaletteStore.swift; sourceTree = "<group>"; };
		34E20F3F2BAEF2F500365D84 /* PaletteChooser.swift */ = {isa = PBXFileReference; lastKnownFileType = sourcecode.swift; path = PaletteChooser.swift; sourceTree = "<group>"; };
		34E20F412BAEF56A00365D84 /* ScrollingEmojis.swift */ = {isa = PBXFileReference; lastKnownFileType = sourcecode.swift; path = ScrollingEmojis.swift; sourceTree = "<group>"; };
/* End PBXFileReference section */

/* Begin PBXFrameworksBuildPhase section */
		340A3BED2BA75DC500638E9C /* Frameworks */ = {
			isa = PBXFrameworksBuildPhase;
			buildActionMask = 2147483647;
			files = (
			);
			runOnlyForDeploymentPostprocessing = 0;
		};
/* End PBXFrameworksBuildPhase section */

/* Begin PBXGroup section */
		340A3BE72BA75DC500638E9C = {
			isa = PBXGroup;
			children = (
				340A3BF22BA75DC500638E9C /* EmojiApp */,
				340A3BF12BA75DC500638E9C /* Products */,
			);
			sourceTree = "<group>";
		};
		340A3BF12BA75DC500638E9C /* Products */ = {
			isa = PBXGroup;
			children = (
				340A3BF02BA75DC500638E9C /* EmojiApp.app */,
			);
			name = Products;
			sourceTree = "<group>";
		};
		340A3BF22BA75DC500638E9C /* EmojiApp */ = {
			isa = PBXGroup;
			children = (
				34A990DB2BB5D75E007BE0C5 /* Info.plist */,
				340A3BF32BA75DC500638E9C /* EmojiAppApp.swift */,
				340A3C0E2BA763AE00638E9C /* Extensions */,
				346C6FA12BA8B92D006DD461 /* Utilities */,
				340A3C0D2BA763A400638E9C /* Core */,
				340A3BF72BA75DC900638E9C /* Assets.xcassets */,
				340A3BF92BA75DC900638E9C /* Preview Content */,
			);
			path = EmojiApp;
			sourceTree = "<group>";
		};
		340A3BF92BA75DC900638E9C /* Preview Content */ = {
			isa = PBXGroup;
			children = (
				340A3BFA2BA75DC900638E9C /* Preview Assets.xcassets */,
			);
			path = "Preview Content";
			sourceTree = "<group>";
		};
		340A3C012BA75EEA00638E9C /* Views */ = {
			isa = PBXGroup;
			children = (
				340A3C082BA7617C00638E9C /* EmojiArtDocumentView.swift */,
				34E20F3F2BAEF2F500365D84 /* PaletteChooser.swift */,
				3414605D2BB034DF006C0CA1 /* PaletteEditor.swift */,
				3414605F2BB05221006C0CA1 /* PaletteList.swift */,
				341460612BB054E2006C0CA1 /* PaletteView.swift */,
				34E20F412BAEF56A00365D84 /* ScrollingEmojis.swift */,
				341460632BB08412006C0CA1 /* PaletteManager.swift */,
			);
			path = Views;
			sourceTree = "<group>";
		};
		340A3C022BA75EF200638E9C /* Model */ = {
			isa = PBXGroup;
			children = (
				340A3C032BA75F0C00638E9C /* EmojiArt.swift */,
				34E20F3B2BAEEF3A00365D84 /* Palette.swift */,
			);
			path = Model;
			sourceTree = "<group>";
		};
		340A3C052BA75FA000638E9C /* ViewModel */ = {
			isa = PBXGroup;
			children = (
				340A3C062BA75FB900638E9C /* EmojiArtDocument.swift */,
				34E20F3D2BAEF03C00365D84 /* PaletteStore.swift */,
			);
			path = ViewModel;
			sourceTree = "<group>";
		};
		340A3C0D2BA763A400638E9C /* Core */ = {
			isa = PBXGroup;
			children = (
				340A3C022BA75EF200638E9C /* Model */,
				340A3C052BA75FA000638E9C /* ViewModel */,
				340A3C012BA75EEA00638E9C /* Views */,
			);
			path = Core;
			sourceTree = "<group>";
		};
		340A3C0E2BA763AE00638E9C /* Extensions */ = {
			isa = PBXGroup;
			children = (
				340A3C0A2BA7637600638E9C /* Extensions.swift */,
			);
			path = Extensions;
			sourceTree = "<group>";
		};
		346C6FA12BA8B92D006DD461 /* Utilities */ = {
			isa = PBXGroup;
			children = (
				346C6FA22BA8B947006DD461 /* Sturldata.swift */,
			);
			path = Utilities;
			sourceTree = "<group>";
		};
/* End PBXGroup section */

/* Begin PBXNativeTarget section */
		340A3BEF2BA75DC500638E9C /* EmojiApp */ = {
			isa = PBXNativeTarget;
			buildConfigurationList = 340A3BFE2BA75DC900638E9C /* Build configuration list for PBXNativeTarget "EmojiApp" */;
			buildPhases = (
				340A3BEC2BA75DC500638E9C /* Sources */,
				340A3BED2BA75DC500638E9C /* Frameworks */,
				340A3BEE2BA75DC500638E9C /* Resources */,
			);
			buildRules = (
			);
			dependencies = (
			);
			name = EmojiApp;
			productName = EmojiApp;
			productReference = 340A3BF02BA75DC500638E9C /* EmojiApp.app */;
			productType = "com.apple.product-type.application";
		};
/* End PBXNativeTarget section */

/* Begin PBXProject section */
		340A3BE82BA75DC500638E9C /* Project object */ = {
			isa = PBXProject;
			attributes = {
				BuildIndependentTargetsInParallel = 1;
				LastSwiftUpdateCheck = 1520;
				LastUpgradeCheck = 1520;
				TargetAttributes = {
					340A3BEF2BA75DC500638E9C = {
						CreatedOnToolsVersion = 15.2;
					};
				};
			};
			buildConfigurationList = 340A3BEB2BA75DC500638E9C /* Build configuration list for PBXProject "EmojiApp" */;
			compatibilityVersion = "Xcode 14.0";
			developmentRegion = en;
			hasScannedForEncodings = 0;
			knownRegions = (
				en,
				Base,
			);
			mainGroup = 340A3BE72BA75DC500638E9C;
			productRefGroup = 340A3BF12BA75DC500638E9C /* Products */;
			projectDirPath = "";
			projectRoot = "";
			targets = (
				340A3BEF2BA75DC500638E9C /* EmojiApp */,
			);
		};
/* End PBXProject section */

/* Begin PBXResourcesBuildPhase section */
		340A3BEE2BA75DC500638E9C /* Resources */ = {
			isa = PBXResourcesBuildPhase;
			buildActionMask = 2147483647;
			files = (
				340A3BFB2BA75DC900638E9C /* Preview Assets.xcassets in Resources */,
				340A3BF82BA75DC900638E9C /* Assets.xcassets in Resources */,
			);
			runOnlyForDeploymentPostprocessing = 0;
		};
/* End PBXResourcesBuildPhase section */

/* Begin PBXSourcesBuildPhase section */
		340A3BEC2BA75DC500638E9C /* Sources */ = {
			isa = PBXSourcesBuildPhase;
			buildActionMask = 2147483647;
			files = (
				341460622BB054E2006C0CA1 /* PaletteView.swift in Sources */,
				34E20F422BAEF56A00365D84 /* ScrollingEmojis.swift in Sources */,
				340A3C092BA7617C00638E9C /* EmojiArtDocumentView.swift in Sources */,
				341460642BB08412006C0CA1 /* PaletteManager.swift in Sources */,
				34E20F3E2BAEF03C00365D84 /* PaletteStore.swift in Sources */,
				341460602BB05221006C0CA1 /* PaletteList.swift in Sources */,
				340A3C0B2BA7637600638E9C /* Extensions.swift in Sources */,
				340A3C042BA75F0C00638E9C /* EmojiArt.swift in Sources */,
				340A3BF42BA75DC500638E9C /* EmojiAppApp.swift in Sources */,
				3414605E2BB034DF006C0CA1 /* PaletteEditor.swift in Sources */,
				346C6FA32BA8B947006DD461 /* Sturldata.swift in Sources */,
				340A3C072BA75FB900638E9C /* EmojiArtDocument.swift in Sources */,
				34E20F3C2BAEEF3B00365D84 /* Palette.swift in Sources */,
				34E20F402BAEF2F500365D84 /* PaletteChooser.swift in Sources */,
			);
			runOnlyForDeploymentPostprocessing = 0;
		};
/* End PBXSourcesBuildPhase section */

/* Begin XCBuildConfiguration section */
		340A3BFC2BA75DC900638E9C /* Debug */ = {
			isa = XCBuildConfiguration;
			buildSettings = {
				ALWAYS_SEARCH_USER_PATHS = NO;
				ASSETCATALOG_COMPILER_GENERATE_SWIFT_ASSET_SYMBOL_EXTENSIONS = YES;
				CLANG_ANALYZER_NONNULL = YES;
				CLANG_ANALYZER_NUMBER_OBJECT_CONVERSION = YES_AGGRESSIVE;
				CLANG_CXX_LANGUAGE_STANDARD = "gnu++20";
				CLANG_ENABLE_MODULES = YES;
				CLANG_ENABLE_OBJC_ARC = YES;
				CLANG_ENABLE_OBJC_WEAK = YES;
				CLANG_WARN_BLOCK_CAPTURE_AUTORELEASING = YES;
				CLANG_WARN_BOOL_CONVERSION = YES;
				CLANG_WARN_COMMA = YES;
				CLANG_WARN_CONSTANT_CONVERSION = YES;
				CLANG_WARN_DEPRECATED_OBJC_IMPLEMENTATIONS = YES;
				CLANG_WARN_DIRECT_OBJC_ISA_USAGE = YES_ERROR;
				CLANG_WARN_DOCUMENTATION_COMMENTS = YES;
				CLANG_WARN_EMPTY_BODY = YES;
				CLANG_WARN_ENUM_CONVERSION = YES;
				CLANG_WARN_INFINITE_RECURSION = YES;
				CLANG_WARN_INT_CONVERSION = YES;
				CLANG_WARN_NON_LITERAL_NULL_CONVERSION = YES;
				CLANG_WARN_OBJC_IMPLICIT_RETAIN_SELF = YES;
				CLANG_WARN_OBJC_LITERAL_CONVERSION = YES;
				CLANG_WARN_OBJC_ROOT_CLASS = YES_ERROR;
				CLANG_WARN_QUOTED_INCLUDE_IN_FRAMEWORK_HEADER = YES;
				CLANG_WARN_RANGE_LOOP_ANALYSIS = YES;
				CLANG_WARN_STRICT_PROTOTYPES = YES;
				CLANG_WARN_SUSPICIOUS_MOVE = YES;
				CLANG_WARN_UNGUARDED_AVAILABILITY = YES_AGGRESSIVE;
				CLANG_WARN_UNREACHABLE_CODE = YES;
				CLANG_WARN__DUPLICATE_METHOD_MATCH = YES;
				COPY_PHASE_STRIP = NO;
				DEBUG_INFORMATION_FORMAT = dwarf;
				ENABLE_STRICT_OBJC_MSGSEND = YES;
				ENABLE_TESTABILITY = YES;
				ENABLE_USER_SCRIPT_SANDBOXING = YES;
				GCC_C_LANGUAGE_STANDARD = gnu17;
				GCC_DYNAMIC_NO_PIC = NO;
				GCC_NO_COMMON_BLOCKS = YES;
				GCC_OPTIMIZATION_LEVEL = 0;
				GCC_PREPROCESSOR_DEFINITIONS = (
					"DEBUG=1",
					"$(inherited)",
				);
				GCC_WARN_64_TO_32_BIT_CONVERSION = YES;
				GCC_WARN_ABOUT_RETURN_TYPE = YES_ERROR;
				GCC_WARN_UNDECLARED_SELECTOR = YES;
				GCC_WARN_UNINITIALIZED_AUTOS = YES_AGGRESSIVE;
				GCC_WARN_UNUSED_FUNCTION = YES;
				GCC_WARN_UNUSED_VARIABLE = YES;
				IPHONEOS_DEPLOYMENT_TARGET = 17.2;
				LOCALIZATION_PREFERS_STRING_CATALOGS = YES;
				MTL_ENABLE_DEBUG_INFO = INCLUDE_SOURCE;
				MTL_FAST_MATH = YES;
				ONLY_ACTIVE_ARCH = YES;
				SDKROOT = iphoneos;
				SWIFT_ACTIVE_COMPILATION_CONDITIONS = "DEBUG $(inherited)";
				SWIFT_OPTIMIZATION_LEVEL = "-Onone";
			};
			name = Debug;
		};
		340A3BFD2BA75DC900638E9C /* Release */ = {
			isa = XCBuildConfiguration;
			buildSettings = {
				ALWAYS_SEARCH_USER_PATHS = NO;
				ASSETCATALOG_COMPILER_GENERATE_SWIFT_ASSET_SYMBOL_EXTENSIONS = YES;
				CLANG_ANALYZER_NONNULL = YES;
				CLANG_ANALYZER_NUMBER_OBJECT_CONVERSION = YES_AGGRESSIVE;
				CLANG_CXX_LANGUAGE_STANDARD = "gnu++20";
				CLANG_ENABLE_MODULES = YES;
				CLANG_ENABLE_OBJC_ARC = YES;
				CLANG_ENABLE_OBJC_WEAK = YES;
				CLANG_WARN_BLOCK_CAPTURE_AUTORELEASING = YES;
				CLANG_WARN_BOOL_CONVERSION = YES;
				CLANG_WARN_COMMA = YES;
				CLANG_WARN_CONSTANT_CONVERSION = YES;
				CLANG_WARN_DEPRECATED_OBJC_IMPLEMENTATIONS = YES;
				CLANG_WARN_DIRECT_OBJC_ISA_USAGE = YES_ERROR;
				CLANG_WARN_DOCUMENTATION_COMMENTS = YES;
				CLANG_WARN_EMPTY_BODY = YES;
				CLANG_WARN_ENUM_CONVERSION = YES;
				CLANG_WARN_INFINITE_RECURSION = YES;
				CLANG_WARN_INT_CONVERSION = YES;
				CLANG_WARN_NON_LITERAL_NULL_CONVERSION = YES;
				CLANG_WARN_OBJC_IMPLICIT_RETAIN_SELF = YES;
				CLANG_WARN_OBJC_LITERAL_CONVERSION = YES;
				CLANG_WARN_OBJC_ROOT_CLASS = YES_ERROR;
				CLANG_WARN_QUOTED_INCLUDE_IN_FRAMEWORK_HEADER = YES;
				CLANG_WARN_RANGE_LOOP_ANALYSIS = YES;
				CLANG_WARN_STRICT_PROTOTYPES = YES;
				CLANG_WARN_SUSPICIOUS_MOVE = YES;
				CLANG_WARN_UNGUARDED_AVAILABILITY = YES_AGGRESSIVE;
				CLANG_WARN_UNREACHABLE_CODE = YES;
				CLANG_WARN__DUPLICATE_METHOD_MATCH = YES;
				COPY_PHASE_STRIP = NO;
				DEBUG_INFORMATION_FORMAT = "dwarf-with-dsym";
				ENABLE_NS_ASSERTIONS = NO;
				ENABLE_STRICT_OBJC_MSGSEND = YES;
				ENABLE_USER_SCRIPT_SANDBOXING = YES;
				GCC_C_LANGUAGE_STANDARD = gnu17;
				GCC_NO_COMMON_BLOCKS = YES;
				GCC_WARN_64_TO_32_BIT_CONVERSION = YES;
				GCC_WARN_ABOUT_RETURN_TYPE = YES_ERROR;
				GCC_WARN_UNDECLARED_SELECTOR = YES;
				GCC_WARN_UNINITIALIZED_AUTOS = YES_AGGRESSIVE;
				GCC_WARN_UNUSED_FUNCTION = YES;
				GCC_WARN_UNUSED_VARIABLE = YES;
				IPHONEOS_DEPLOYMENT_TARGET = 17.2;
				LOCALIZATION_PREFERS_STRING_CATALOGS = YES;
				MTL_ENABLE_DEBUG_INFO = NO;
				MTL_FAST_MATH = YES;
				SDKROOT = iphoneos;
				SWIFT_COMPILATION_MODE = wholemodule;
				VALIDATE_PRODUCT = YES;
			};
			name = Release;
		};
		340A3BFF2BA75DC900638E9C /* Debug */ = {
			isa = XCBuildConfiguration;
			buildSettings = {
				ASSETCATALOG_COMPILER_APPICON_NAME = AppIcon;
				ASSETCATALOG_COMPILER_GLOBAL_ACCENT_COLOR_NAME = AccentColor;
				CODE_SIGN_STYLE = Automatic;
				CURRENT_PROJECT_VERSION = 1;
				DEVELOPMENT_ASSET_PATHS = "\"EmojiApp/Preview Content\"";
				DEVELOPMENT_TEAM = 4XAMG487KR;
				ENABLE_PREVIEWS = YES;
				GENERATE_INFOPLIST_FILE = YES;
				INFOPLIST_FILE = EmojiApp/Info.plist;
				INFOPLIST_KEY_UIApplicationSceneManifest_Generation = YES;
				INFOPLIST_KEY_UIApplicationSupportsIndirectInputEvents = YES;
				INFOPLIST_KEY_UILaunchScreen_Generation = YES;
				INFOPLIST_KEY_UISupportedInterfaceOrientations_iPad = "UIInterfaceOrientationPortrait UIInterfaceOrientationPortraitUpsideDown UIInterfaceOrientationLandscapeLeft UIInterfaceOrientationLandscapeRight";
				INFOPLIST_KEY_UISupportedInterfaceOrientations_iPhone = "UIInterfaceOrientationPortrait UIInterfaceOrientationLandscapeLeft UIInterfaceOrientationLandscapeRight";
				INFOPLIST_KEY_UISupportsDocumentBrowser = YES;
				IPHONEOS_DEPLOYMENT_TARGET = 17.0;
				LD_RUNPATH_SEARCH_PATHS = (
					"$(inherited)",
					"@executable_path/Frameworks",
				);
				MARKETING_VERSION = 1.0;
				PRODUCT_BUNDLE_IDENTIFIER = com.quarantasis.EmojiApp;
				PRODUCT_NAME = "$(TARGET_NAME)";
				SWIFT_EMIT_LOC_STRINGS = YES;
				SWIFT_VERSION = 5.0;
				TARGETED_DEVICE_FAMILY = "1,2";
			};
			name = Debug;
		};
		340A3C002BA75DC900638E9C /* Release */ = {
			isa = XCBuildConfiguration;
			buildSettings = {
				ASSETCATALOG_COMPILER_APPICON_NAME = AppIcon;
				ASSETCATALOG_COMPILER_GLOBAL_ACCENT_COLOR_NAME = AccentColor;
				CODE_SIGN_STYLE = Automatic;
				CURRENT_PROJECT_VERSION = 1;
				DEVELOPMENT_ASSET_PATHS = "\"EmojiApp/Preview Content\"";
				DEVELOPMENT_TEAM = 4XAMG487KR;
				ENABLE_PREVIEWS = YES;
				GENERATE_INFOPLIST_FILE = YES;
				INFOPLIST_FILE = EmojiApp/Info.plist;
				INFOPLIST_KEY_UIApplicationSceneManifest_Generation = YES;
				INFOPLIST_KEY_UIApplicationSupportsIndirectInputEvents = YES;
				INFOPLIST_KEY_UILaunchScreen_Generation = YES;
				INFOPLIST_KEY_UISupportedInterfaceOrientations_iPad = "UIInterfaceOrientationPortrait UIInterfaceOrientationPortraitUpsideDown UIInterfaceOrientationLandscapeLeft UIInterfaceOrientationLandscapeRight";
				INFOPLIST_KEY_UISupportedInterfaceOrientations_iPhone = "UIInterfaceOrientationPortrait UIInterfaceOrientationLandscapeLeft UIInterfaceOrientationLandscapeRight";
				INFOPLIST_KEY_UISupportsDocumentBrowser = YES;
				IPHONEOS_DEPLOYMENT_TARGET = 17.0;
				LD_RUNPATH_SEARCH_PATHS = (
					"$(inherited)",
					"@executable_path/Frameworks",
				);
				MARKETING_VERSION = 1.0;
				PRODUCT_BUNDLE_IDENTIFIER = com.quarantasis.EmojiApp;
				PRODUCT_NAME = "$(TARGET_NAME)";
				SWIFT_EMIT_LOC_STRINGS = YES;
				SWIFT_VERSION = 5.0;
				TARGETED_DEVICE_FAMILY = "1,2";
			};
			name = Release;
		};
/* End XCBuildConfiguration section */

/* Begin XCConfigurationList section */
		340A3BEB2BA75DC500638E9C /* Build configuration list for PBXProject "EmojiApp" */ = {
			isa = XCConfigurationList;
			buildConfigurations = (
				340A3BFC2BA75DC900638E9C /* Debug */,
				340A3BFD2BA75DC900638E9C /* Release */,
			);
			defaultConfigurationIsVisible = 0;
			defaultConfigurationName = Release;
		};
		340A3BFE2BA75DC900638E9C /* Build configuration list for PBXNativeTarget "EmojiApp" */ = {
			isa = XCConfigurationList;
			buildConfigurations = (
				340A3BFF2BA75DC900638E9C /* Debug */,
				340A3C002BA75DC900638E9C /* Release */,
			);
			defaultConfigurationIsVisible = 0;
			defaultConfigurationName = Release;
		};
/* End XCConfigurationList section */
	};
	rootObject = 340A3BE82BA75DC500638E9C /* Project object */;
}
